
Microsoft Visual Studio Solution File, Format Version 12.00
# Visual Studio Version 17
VisualStudioVersion = 17.7.34031.279
MinimumVisualStudioVersion = 10.0.40219.1
Project("{FAE04EC0-301F-11D3-BF4B-00C04F79EFBC}") = "Tree intersection", "Tree intersection.csproj", "{589884B3-A783-437E-9875-3928F2C85F4C}"
EndProject
Project("{FAE04EC0-301F-11D3-BF4B-00C04F79EFBC}") = "TestProject1", "..\TestProject1\TestProject1.csproj", "{0493D156-E33A-4394-B0CE-5CDB8F9A68D2}"
EndProject
Global
	GlobalSection(SolutionConfigurationPlatforms) = preSolution
		Debug|Any CPU = Debug|Any CPU
		Release|Any CPU = Release|Any CPU
	EndGlobalSection
	GlobalSection(ProjectConfigurationPlatforms) = postSolution
		{589884B3-A783-437E-9875-3928F2C85F4C}.Debug|Any CPU.ActiveCfg = Debug|Any CPU
		{589884B3-A783-437E-9875-3928F2C85F4C}.Debug|Any CPU.Build.0 = Debug|Any CPU
		{589884B3-A783-437E-9875-3928F2C85F4C}.Release|Any CPU.ActiveCfg = Release|Any CPU
		{589884B3-A783-437E-9875-3928F2C85F4C}.Release|Any CPU.Build.0 = Release|Any CPU
		{0493D156-E33A-4394-B0CE-5CDB8F9A68D2}.Debug|Any CPU.ActiveCfg = Debug|Any CPU
		{0493D156-E33A-4394-B0CE-5CDB8F9A68D2}.Debug|Any CPU.Build.0 = Debug|Any CPU
		{0493D156-E33A-4394-B0CE-5CDB8F9A68D2}.Release|Any CPU.ActiveCfg = Release|Any CPU
		{0493D156-E33A-4394-B0CE-5CDB8F9A68D2}.Release|Any CPU.Build.0 = Release|Any CPU
	EndGlobalSection
	GlobalSection(SolutionProperties) = preSolution
		HideSolutionNode = FALSE
	EndGlobalSection
	GlobalSection(ExtensibilityGlobals) = postSolution
		SolutionGuid = {673D3A8A-8F64-40FB-ABA3-3D3C2CD42FD2}
	EndGlobalSection
EndGlobal
