
Microsoft Visual Studio Solution File, Format Version 12.00
# Visual Studio Version 17
VisualStudioVersion = 17.7.34031.279
MinimumVisualStudioVersion = 10.0.40219.1
Project("{FAE04EC0-301F-11D3-BF4B-00C04F79EFBC}") = "graph buisness trip", "graph buisness trip.csproj", "{174781C2-70B1-46B7-B568-4DC51921EFC1}"
EndProject
Project("{FAE04EC0-301F-11D3-BF4B-00C04F79EFBC}") = "graph-business-trip-test", "..\graph-business-trip-test\graph-business-trip-test.csproj", "{B8C71351-F4D1-4691-8A21-FB7D49A38C18}"
EndProject
Global
	GlobalSection(SolutionConfigurationPlatforms) = preSolution
		Debug|Any CPU = Debug|Any CPU
		Release|Any CPU = Release|Any CPU
	EndGlobalSection
	GlobalSection(ProjectConfigurationPlatforms) = postSolution
		{174781C2-70B1-46B7-B568-4DC51921EFC1}.Debug|Any CPU.ActiveCfg = Debug|Any CPU
		{174781C2-70B1-46B7-B568-4DC51921EFC1}.Debug|Any CPU.Build.0 = Debug|Any CPU
		{174781C2-70B1-46B7-B568-4DC51921EFC1}.Release|Any CPU.ActiveCfg = Release|Any CPU
		{174781C2-70B1-46B7-B568-4DC51921EFC1}.Release|Any CPU.Build.0 = Release|Any CPU
		{B8C71351-F4D1-4691-8A21-FB7D49A38C18}.Debug|Any CPU.ActiveCfg = Debug|Any CPU
		{B8C71351-F4D1-4691-8A21-FB7D49A38C18}.Debug|Any CPU.Build.0 = Debug|Any CPU
		{B8C71351-F4D1-4691-8A21-FB7D49A38C18}.Release|Any CPU.ActiveCfg = Release|Any CPU
		{B8C71351-F4D1-4691-8A21-FB7D49A38C18}.Release|Any CPU.Build.0 = Release|Any CPU
	EndGlobalSection
	GlobalSection(SolutionProperties) = preSolution
		HideSolutionNode = FALSE
	EndGlobalSection
	GlobalSection(ExtensibilityGlobals) = postSolution
		SolutionGuid = {7397DB76-FC79-441C-A6CF-54E3889C09D7}
	EndGlobalSection
EndGlobal
