
Microsoft Visual Studio Solution File, Format Version 12.00
# Visual Studio Version 17
VisualStudioVersion = 17.7.34024.191
MinimumVisualStudioVersion = 10.0.40219.1
Project("{9A19103F-16F7-4668-BE54-9A1E7A4F7556}") = "Sort-Objects", "Sort-Objects.csproj", "{727D74CD-B278-4F76-96B5-00FE4F884D9C}"
EndProject
Project("{9A19103F-16F7-4668-BE54-9A1E7A4F7556}") = "Test-Object-sort", "..\Test-Object-sort\Test-Object-sort.csproj", "{564A3499-EE18-467C-9889-C2959424C010}"
EndProject
Global
	GlobalSection(SolutionConfigurationPlatforms) = preSolution
		Debug|Any CPU = Debug|Any CPU
		Release|Any CPU = Release|Any CPU
	EndGlobalSection
	GlobalSection(ProjectConfigurationPlatforms) = postSolution
		{727D74CD-B278-4F76-96B5-00FE4F884D9C}.Debug|Any CPU.ActiveCfg = Debug|Any CPU
		{727D74CD-B278-4F76-96B5-00FE4F884D9C}.Debug|Any CPU.Build.0 = Debug|Any CPU
		{727D74CD-B278-4F76-96B5-00FE4F884D9C}.Release|Any CPU.ActiveCfg = Release|Any CPU
		{727D74CD-B278-4F76-96B5-00FE4F884D9C}.Release|Any CPU.Build.0 = Release|Any CPU
		{564A3499-EE18-467C-9889-C2959424C010}.Debug|Any CPU.ActiveCfg = Debug|Any CPU
		{564A3499-EE18-467C-9889-C2959424C010}.Debug|Any CPU.Build.0 = Debug|Any CPU
		{564A3499-EE18-467C-9889-C2959424C010}.Release|Any CPU.ActiveCfg = Release|Any CPU
		{564A3499-EE18-467C-9889-C2959424C010}.Release|Any CPU.Build.0 = Release|Any CPU
	EndGlobalSection
	GlobalSection(SolutionProperties) = preSolution
		HideSolutionNode = FALSE
	EndGlobalSection
	GlobalSection(ExtensibilityGlobals) = postSolution
		SolutionGuid = {FD55EFFD-0F13-4C8B-8F9C-115D6F88AEDF}
	EndGlobalSection
EndGlobal
