
Microsoft Visual Studio Solution File, Format Version 12.00
# Visual Studio Version 17
VisualStudioVersion = 17.6.33829.357
MinimumVisualStudioVersion = 10.0.40219.1
Project("{FAE04EC0-301F-11D3-BF4B-00C04F79EFBC}") = "CC 14", "CC 14\CC 14.csproj", "{D000E171-1AD1-4576-971E-A5D542DBA44A}"
EndProject
Global
	GlobalSection(SolutionConfigurationPlatforms) = preSolution
		Debug|Any CPU = Debug|Any CPU
		Release|Any CPU = Release|Any CPU
	EndGlobalSection
	GlobalSection(ProjectConfigurationPlatforms) = postSolution
		{D000E171-1AD1-4576-971E-A5D542DBA44A}.Debug|Any CPU.ActiveCfg = Debug|Any CPU
		{D000E171-1AD1-4576-971E-A5D542DBA44A}.Debug|Any CPU.Build.0 = Debug|Any CPU
		{D000E171-1AD1-4576-971E-A5D542DBA44A}.Release|Any CPU.ActiveCfg = Release|Any CPU
		{D000E171-1AD1-4576-971E-A5D542DBA44A}.Release|Any CPU.Build.0 = Release|Any CPU
	EndGlobalSection
	GlobalSection(SolutionProperties) = preSolution
		HideSolutionNode = FALSE
	EndGlobalSection
	GlobalSection(ExtensibilityGlobals) = postSolution
		SolutionGuid = {6B739385-4F67-408B-A293-F16B31169C48}
	EndGlobalSection
EndGlobal
