
Microsoft Visual Studio Solution File, Format Version 12.00
# Visual Studio Version 17
VisualStudioVersion = 17.6.33815.320
MinimumVisualStudioVersion = 10.0.40219.1
Project("{9A19103F-16F7-4668-BE54-9A1E7A4F7556}") = "linked-list-kth", "linked-list-kth\linked-list-kth.csproj", "{C3748CB2-1119-4A5E-B067-CCA7A37BE795}"
EndProject
Project("{FAE04EC0-301F-11D3-BF4B-00C04F79EFBC}") = "linked-list-kth-Test", "linked-list-kth-Test\linked-list-kth-Test.csproj", "{56C2A8F3-BD4D-44CE-888A-7FA3C9A2F978}"
EndProject
Global
	GlobalSection(SolutionConfigurationPlatforms) = preSolution
		Debug|Any CPU = Debug|Any CPU
		Release|Any CPU = Release|Any CPU
	EndGlobalSection
	GlobalSection(ProjectConfigurationPlatforms) = postSolution
		{C3748CB2-1119-4A5E-B067-CCA7A37BE795}.Debug|Any CPU.ActiveCfg = Debug|Any CPU
		{C3748CB2-1119-4A5E-B067-CCA7A37BE795}.Debug|Any CPU.Build.0 = Debug|Any CPU
		{C3748CB2-1119-4A5E-B067-CCA7A37BE795}.Release|Any CPU.ActiveCfg = Release|Any CPU
		{C3748CB2-1119-4A5E-B067-CCA7A37BE795}.Release|Any CPU.Build.0 = Release|Any CPU
		{56C2A8F3-BD4D-44CE-888A-7FA3C9A2F978}.Debug|Any CPU.ActiveCfg = Debug|Any CPU
		{56C2A8F3-BD4D-44CE-888A-7FA3C9A2F978}.Debug|Any CPU.Build.0 = Debug|Any CPU
		{56C2A8F3-BD4D-44CE-888A-7FA3C9A2F978}.Release|Any CPU.ActiveCfg = Release|Any CPU
		{56C2A8F3-BD4D-44CE-888A-7FA3C9A2F978}.Release|Any CPU.Build.0 = Release|Any CPU
	EndGlobalSection
	GlobalSection(SolutionProperties) = preSolution
		HideSolutionNode = FALSE
	EndGlobalSection
	GlobalSection(ExtensibilityGlobals) = postSolution
		SolutionGuid = {97AAEAD1-EB4A-4E98-AB99-CAA0936664EE}
	EndGlobalSection
EndGlobal
