
Microsoft Visual Studio Solution File, Format Version 12.00
# Visual Studio Version 17
VisualStudioVersion = 17.6.33815.320
MinimumVisualStudioVersion = 10.0.40219.1
Project("{9A19103F-16F7-4668-BE54-9A1E7A4F7556}") = "CC06", "CC06\CC06.csproj", "{DD5C0FD4-5082-438A-83F3-1DDC9B7C7A14}"
EndProject
Project("{FAE04EC0-301F-11D3-BF4B-00C04F79EFBC}") = "CC06Test", "CC06Test\CC06Test.csproj", "{F25D9844-FA6D-45F4-BBAC-07214B7CA979}"
EndProject
Global
	GlobalSection(SolutionConfigurationPlatforms) = preSolution
		Debug|Any CPU = Debug|Any CPU
		Release|Any CPU = Release|Any CPU
	EndGlobalSection
	GlobalSection(ProjectConfigurationPlatforms) = postSolution
		{DD5C0FD4-5082-438A-83F3-1DDC9B7C7A14}.Debug|Any CPU.ActiveCfg = Debug|Any CPU
		{DD5C0FD4-5082-438A-83F3-1DDC9B7C7A14}.Debug|Any CPU.Build.0 = Debug|Any CPU
		{DD5C0FD4-5082-438A-83F3-1DDC9B7C7A14}.Release|Any CPU.ActiveCfg = Release|Any CPU
		{DD5C0FD4-5082-438A-83F3-1DDC9B7C7A14}.Release|Any CPU.Build.0 = Release|Any CPU
		{F25D9844-FA6D-45F4-BBAC-07214B7CA979}.Debug|Any CPU.ActiveCfg = Debug|Any CPU
		{F25D9844-FA6D-45F4-BBAC-07214B7CA979}.Debug|Any CPU.Build.0 = Debug|Any CPU
		{F25D9844-FA6D-45F4-BBAC-07214B7CA979}.Release|Any CPU.ActiveCfg = Release|Any CPU
		{F25D9844-FA6D-45F4-BBAC-07214B7CA979}.Release|Any CPU.Build.0 = Release|Any CPU
	EndGlobalSection
	GlobalSection(SolutionProperties) = preSolution
		HideSolutionNode = FALSE
	EndGlobalSection
	GlobalSection(ExtensibilityGlobals) = postSolution
		SolutionGuid = {CE14883A-5E32-4F0D-B7A6-284F38901471}
	EndGlobalSection
EndGlobal
