
Microsoft Visual Studio Solution File, Format Version 12.00
# Visual Studio Version 17
VisualStudioVersion = 17.6.33829.357
MinimumVisualStudioVersion = 10.0.40219.1
Project("{FAE04EC0-301F-11D3-BF4B-00C04F79EFBC}") = "tree-breadth-first", "tree-breadth-first.csproj", "{4B8776E5-4DCB-4A09-8731-605FCD39408D}"
EndProject
Project("{FAE04EC0-301F-11D3-BF4B-00C04F79EFBC}") = "tree-breadth-first-test", "..\tree-breadth-first-test\tree-breadth-first-test.csproj", "{3CBE7F32-3110-4375-A5F7-CA965496AF94}"
EndProject
Global
	GlobalSection(SolutionConfigurationPlatforms) = preSolution
		Debug|Any CPU = Debug|Any CPU
		Release|Any CPU = Release|Any CPU
	EndGlobalSection
	GlobalSection(ProjectConfigurationPlatforms) = postSolution
		{4B8776E5-4DCB-4A09-8731-605FCD39408D}.Debug|Any CPU.ActiveCfg = Debug|Any CPU
		{4B8776E5-4DCB-4A09-8731-605FCD39408D}.Debug|Any CPU.Build.0 = Debug|Any CPU
		{4B8776E5-4DCB-4A09-8731-605FCD39408D}.Release|Any CPU.ActiveCfg = Release|Any CPU
		{4B8776E5-4DCB-4A09-8731-605FCD39408D}.Release|Any CPU.Build.0 = Release|Any CPU
		{3CBE7F32-3110-4375-A5F7-CA965496AF94}.Debug|Any CPU.ActiveCfg = Debug|Any CPU
		{3CBE7F32-3110-4375-A5F7-CA965496AF94}.Debug|Any CPU.Build.0 = Debug|Any CPU
		{3CBE7F32-3110-4375-A5F7-CA965496AF94}.Release|Any CPU.ActiveCfg = Release|Any CPU
		{3CBE7F32-3110-4375-A5F7-CA965496AF94}.Release|Any CPU.Build.0 = Release|Any CPU
	EndGlobalSection
	GlobalSection(SolutionProperties) = preSolution
		HideSolutionNode = FALSE
	EndGlobalSection
	GlobalSection(ExtensibilityGlobals) = postSolution
		SolutionGuid = {BC2C1D19-C362-4F99-BA89-1B887973AC2E}
	EndGlobalSection
EndGlobal
