
Microsoft Visual Studio Solution File, Format Version 12.00
# Visual Studio Version 17
VisualStudioVersion = 17.6.33829.357
MinimumVisualStudioVersion = 10.0.40219.1
Project("{FAE04EC0-301F-11D3-BF4B-00C04F79EFBC}") = "stack-queue-bracket-unit-test", "stack-queue-bracket-unit-test\stack-queue-bracket-unit-test.csproj", "{840B67DE-8E2E-442A-B43C-B3553FF5662F}"
EndProject
Global
	GlobalSection(SolutionConfigurationPlatforms) = preSolution
		Debug|Any CPU = Debug|Any CPU
		Release|Any CPU = Release|Any CPU
	EndGlobalSection
	GlobalSection(ProjectConfigurationPlatforms) = postSolution
		{840B67DE-8E2E-442A-B43C-B3553FF5662F}.Debug|Any CPU.ActiveCfg = Debug|Any CPU
		{840B67DE-8E2E-442A-B43C-B3553FF5662F}.Debug|Any CPU.Build.0 = Debug|Any CPU
		{840B67DE-8E2E-442A-B43C-B3553FF5662F}.Release|Any CPU.ActiveCfg = Release|Any CPU
		{840B67DE-8E2E-442A-B43C-B3553FF5662F}.Release|Any CPU.Build.0 = Release|Any CPU
	EndGlobalSection
	GlobalSection(SolutionProperties) = preSolution
		HideSolutionNode = FALSE
	EndGlobalSection
	GlobalSection(ExtensibilityGlobals) = postSolution
		SolutionGuid = {73B4491E-E4CA-4505-8EAD-3D5B059C923A}
	EndGlobalSection
EndGlobal
